
Microsoft Visual Studio Solution File, Format Version 12.00
# Visual Studio Version 17
VisualStudioVersion = 17.0.31903.59
MinimumVisualStudioVersion = 10.0.40219.1
Project("{9A19103F-16F7-4668-BE54-9A1E7A4F7556}") = "NetworkDisconnect", "NetworkDisconnect\NetworkDisconnect.csproj", "{C1E6279D-F559-4C02-837C-338A90CC563F}"
EndProject
Project("{2150E333-8FDC-42A3-9474-1A3956D46DE8}") = "솔루션 항목", "솔루션 항목", "{2D28D83F-D023-43A5-824B-F0A2091B6E46}"
	ProjectSection(SolutionItems) = preProject
		.editorconfig = .editorconfig
	EndProjectSection
EndProject
Project("{FAE04EC0-301F-11D3-BF4B-00C04F79EFBC}") = "NetworkConnectivity", "NetworkConnectivity\NetworkConnectivity.csproj", "{960204E9-F053-484B-9932-ACF3CCE9692B}"
EndProject
Global
	GlobalSection(SolutionConfigurationPlatforms) = preSolution
		Debug|Any CPU = Debug|Any CPU
		Release|Any CPU = Release|Any CPU
	EndGlobalSection
	GlobalSection(ProjectConfigurationPlatforms) = postSolution
		{C1E6279D-F559-4C02-837C-338A90CC563F}.Debug|Any CPU.ActiveCfg = Debug|Any CPU
		{C1E6279D-F559-4C02-837C-338A90CC563F}.Debug|Any CPU.Build.0 = Debug|Any CPU
		{C1E6279D-F559-4C02-837C-338A90CC563F}.Release|Any CPU.ActiveCfg = Release|Any CPU
		{C1E6279D-F559-4C02-837C-338A90CC563F}.Release|Any CPU.Build.0 = Release|Any CPU
		{960204E9-F053-484B-9932-ACF3CCE9692B}.Debug|Any CPU.ActiveCfg = Debug|Any CPU
		{960204E9-F053-484B-9932-ACF3CCE9692B}.Debug|Any CPU.Build.0 = Debug|Any CPU
		{960204E9-F053-484B-9932-ACF3CCE9692B}.Release|Any CPU.ActiveCfg = Release|Any CPU
		{960204E9-F053-484B-9932-ACF3CCE9692B}.Release|Any CPU.Build.0 = Release|Any CPU
	EndGlobalSection
	GlobalSection(SolutionProperties) = preSolution
		HideSolutionNode = FALSE
	EndGlobalSection
EndGlobal
